
Microsoft Visual Studio Solution File, Format Version 12.00
# Visual Studio 2013
VisualStudioVersion = 12.0.21005.1
MinimumVisualStudioVersion = 10.0.40219.1
Project("{FAE04EC0-301F-11D3-BF4B-00C04F79EFBC}") = "SmartShopClient", "ShopSmart\SmartShopClient.csproj", "{0CB6B70F-7FA1-4719-9E44-ACBB563C43DE}"
EndProject
Project("{FAE04EC0-301F-11D3-BF4B-00C04F79EFBC}") = "SmartShopLogics", "BusinessLogics\SmartShopLogics.csproj", "{B3A8EB56-47E3-4134-A05B-D11A7B9990A3}"
EndProject
Project("{FAE04EC0-301F-11D3-BF4B-00C04F79EFBC}") = "Common", "Common\Common.csproj", "{81ACC0EB-38FA-478F-AADF-5BAE79DC00D7}"
EndProject
Project("{FAE04EC0-301F-11D3-BF4B-00C04F79EFBC}") = "Tests", "Tests\Tests.csproj", "{7309A32A-2E2D-477C-84D2-67267EBB4ABE}"
EndProject
Project("{2150E333-8FDC-42A3-9474-1A3956D46DE8}") = "Solution Items", "Solution Items", "{06E94ED1-7F61-4774-9604-731DEF9D2756}"
	ProjectSection(SolutionItems) = preProject
		Local.testsettings = Local.testsettings
		ShopSmart.vsmdi = ShopSmart.vsmdi
		TraceAndTestImpact.testsettings = TraceAndTestImpact.testsettings
	EndProjectSection
EndProject
Project("{FAE04EC0-301F-11D3-BF4B-00C04F79EFBC}") = "DataBase", "DataBase\DataBase.csproj", "{3992A9A9-715A-4BD2-899D-E32835674316}"
EndProject
Project("{2150E333-8FDC-42A3-9474-1A3956D46DE8}") = ".nuget", ".nuget", "{D100B989-D8BD-44FC-A6B0-C3BB62540DDE}"
	ProjectSection(SolutionItems) = preProject
		.nuget\NuGet.Config = .nuget\NuGet.Config
		.nuget\NuGet.exe = .nuget\NuGet.exe
		.nuget\NuGet.targets = .nuget\NuGet.targets
	EndProjectSection
EndProject
Project("{FAE04EC0-301F-11D3-BF4B-00C04F79EFBC}") = "FileExporter", "FileExporter\FileExporter.csproj", "{C2BF559A-4D36-429F-A54D-CE9D190F12A3}"
EndProject
Project("{FAE04EC0-301F-11D3-BF4B-00C04F79EFBC}") = "Log", "Logger\Log.csproj", "{6CD02D01-C4DE-4EB8-9FA4-7BB0716C11A1}"
EndProject
Project("{FAE04EC0-301F-11D3-BF4B-00C04F79EFBC}") = "ShopSmart.Web.MVC", "ShopSmart.Web.MVC\ShopSmart.Web.MVC.csproj", "{1F9E67E9-8B01-4790-A651-32C8AA99592E}"
EndProject
Project("{FAE04EC0-301F-11D3-BF4B-00C04F79EFBC}") = "ShopSmart.Web.MVC.Tests", "ShopSmart.Web.MVC.Tests\ShopSmart.Web.MVC.Tests.csproj", "{8B9909B3-9945-43EC-8EFE-55847B327413}"
EndProject
Global
	GlobalSection(SolutionConfigurationPlatforms) = preSolution
		Debug|Any CPU = Debug|Any CPU
		Debug|Mixed Platforms = Debug|Mixed Platforms
		Debug|x86 = Debug|x86
		Release|Any CPU = Release|Any CPU
		Release|Mixed Platforms = Release|Mixed Platforms
		Release|x86 = Release|x86
	EndGlobalSection
	GlobalSection(ProjectConfigurationPlatforms) = postSolution
		{0CB6B70F-7FA1-4719-9E44-ACBB563C43DE}.Debug|Any CPU.ActiveCfg = Debug|x86
		{0CB6B70F-7FA1-4719-9E44-ACBB563C43DE}.Debug|Any CPU.Build.0 = Debug|x86
		{0CB6B70F-7FA1-4719-9E44-ACBB563C43DE}.Debug|Mixed Platforms.ActiveCfg = Debug|x86
		{0CB6B70F-7FA1-4719-9E44-ACBB563C43DE}.Debug|Mixed Platforms.Build.0 = Debug|x86
		{0CB6B70F-7FA1-4719-9E44-ACBB563C43DE}.Debug|x86.ActiveCfg = Debug|x86
		{0CB6B70F-7FA1-4719-9E44-ACBB563C43DE}.Debug|x86.Build.0 = Debug|x86
		{0CB6B70F-7FA1-4719-9E44-ACBB563C43DE}.Release|Any CPU.ActiveCfg = Release|x86
		{0CB6B70F-7FA1-4719-9E44-ACBB563C43DE}.Release|Mixed Platforms.ActiveCfg = Release|x86
		{0CB6B70F-7FA1-4719-9E44-ACBB563C43DE}.Release|Mixed Platforms.Build.0 = Release|x86
		{0CB6B70F-7FA1-4719-9E44-ACBB563C43DE}.Release|x86.ActiveCfg = Release|x86
		{0CB6B70F-7FA1-4719-9E44-ACBB563C43DE}.Release|x86.Build.0 = Release|x86
		{B3A8EB56-47E3-4134-A05B-D11A7B9990A3}.Debug|Any CPU.ActiveCfg = Debug|Any CPU
		{B3A8EB56-47E3-4134-A05B-D11A7B9990A3}.Debug|Any CPU.Build.0 = Debug|Any CPU
		{B3A8EB56-47E3-4134-A05B-D11A7B9990A3}.Debug|Mixed Platforms.ActiveCfg = Debug|Any CPU
		{B3A8EB56-47E3-4134-A05B-D11A7B9990A3}.Debug|Mixed Platforms.Build.0 = Debug|Any CPU
		{B3A8EB56-47E3-4134-A05B-D11A7B9990A3}.Debug|x86.ActiveCfg = Debug|Any CPU
		{B3A8EB56-47E3-4134-A05B-D11A7B9990A3}.Release|Any CPU.ActiveCfg = Release|Any CPU
		{B3A8EB56-47E3-4134-A05B-D11A7B9990A3}.Release|Any CPU.Build.0 = Release|Any CPU
		{B3A8EB56-47E3-4134-A05B-D11A7B9990A3}.Release|Mixed Platforms.ActiveCfg = Release|Any CPU
		{B3A8EB56-47E3-4134-A05B-D11A7B9990A3}.Release|Mixed Platforms.Build.0 = Release|Any CPU
		{B3A8EB56-47E3-4134-A05B-D11A7B9990A3}.Release|x86.ActiveCfg = Release|Any CPU
		{81ACC0EB-38FA-478F-AADF-5BAE79DC00D7}.Debug|Any CPU.ActiveCfg = Debug|Any CPU
		{81ACC0EB-38FA-478F-AADF-5BAE79DC00D7}.Debug|Any CPU.Build.0 = Debug|Any CPU
		{81ACC0EB-38FA-478F-AADF-5BAE79DC00D7}.Debug|Mixed Platforms.ActiveCfg = Debug|Any CPU
		{81ACC0EB-38FA-478F-AADF-5BAE79DC00D7}.Debug|Mixed Platforms.Build.0 = Debug|Any CPU
		{81ACC0EB-38FA-478F-AADF-5BAE79DC00D7}.Debug|x86.ActiveCfg = Debug|Any CPU
		{81ACC0EB-38FA-478F-AADF-5BAE79DC00D7}.Release|Any CPU.ActiveCfg = Release|Any CPU
		{81ACC0EB-38FA-478F-AADF-5BAE79DC00D7}.Release|Any CPU.Build.0 = Release|Any CPU
		{81ACC0EB-38FA-478F-AADF-5BAE79DC00D7}.Release|Mixed Platforms.ActiveCfg = Release|Any CPU
		{81ACC0EB-38FA-478F-AADF-5BAE79DC00D7}.Release|Mixed Platforms.Build.0 = Release|Any CPU
		{81ACC0EB-38FA-478F-AADF-5BAE79DC00D7}.Release|x86.ActiveCfg = Release|Any CPU
		{7309A32A-2E2D-477C-84D2-67267EBB4ABE}.Debug|Any CPU.ActiveCfg = Debug|Any CPU
		{7309A32A-2E2D-477C-84D2-67267EBB4ABE}.Debug|Any CPU.Build.0 = Debug|Any CPU
		{7309A32A-2E2D-477C-84D2-67267EBB4ABE}.Debug|Mixed Platforms.ActiveCfg = Debug|Any CPU
		{7309A32A-2E2D-477C-84D2-67267EBB4ABE}.Debug|Mixed Platforms.Build.0 = Debug|Any CPU
		{7309A32A-2E2D-477C-84D2-67267EBB4ABE}.Debug|x86.ActiveCfg = Debug|Any CPU
		{7309A32A-2E2D-477C-84D2-67267EBB4ABE}.Release|Any CPU.ActiveCfg = Release|Any CPU
		{7309A32A-2E2D-477C-84D2-67267EBB4ABE}.Release|Any CPU.Build.0 = Release|Any CPU
		{7309A32A-2E2D-477C-84D2-67267EBB4ABE}.Release|Mixed Platforms.ActiveCfg = Release|Any CPU
		{7309A32A-2E2D-477C-84D2-67267EBB4ABE}.Release|Mixed Platforms.Build.0 = Release|Any CPU
		{7309A32A-2E2D-477C-84D2-67267EBB4ABE}.Release|x86.ActiveCfg = Release|Any CPU
		{3992A9A9-715A-4BD2-899D-E32835674316}.Debug|Any CPU.ActiveCfg = Debug|Any CPU
		{3992A9A9-715A-4BD2-899D-E32835674316}.Debug|Any CPU.Build.0 = Debug|Any CPU
		{3992A9A9-715A-4BD2-899D-E32835674316}.Debug|Mixed Platforms.ActiveCfg = Debug|Any CPU
		{3992A9A9-715A-4BD2-899D-E32835674316}.Debug|Mixed Platforms.Build.0 = Debug|Any CPU
		{3992A9A9-715A-4BD2-899D-E32835674316}.Debug|x86.ActiveCfg = Debug|Any CPU
		{3992A9A9-715A-4BD2-899D-E32835674316}.Release|Any CPU.ActiveCfg = Release|Any CPU
		{3992A9A9-715A-4BD2-899D-E32835674316}.Release|Any CPU.Build.0 = Release|Any CPU
		{3992A9A9-715A-4BD2-899D-E32835674316}.Release|Mixed Platforms.ActiveCfg = Release|Any CPU
		{3992A9A9-715A-4BD2-899D-E32835674316}.Release|Mixed Platforms.Build.0 = Release|Any CPU
		{3992A9A9-715A-4BD2-899D-E32835674316}.Release|x86.ActiveCfg = Release|Any CPU
		{C2BF559A-4D36-429F-A54D-CE9D190F12A3}.Debug|Any CPU.ActiveCfg = Debug|Any CPU
		{C2BF559A-4D36-429F-A54D-CE9D190F12A3}.Debug|Any CPU.Build.0 = Debug|Any CPU
		{C2BF559A-4D36-429F-A54D-CE9D190F12A3}.Debug|Mixed Platforms.ActiveCfg = Debug|Any CPU
		{C2BF559A-4D36-429F-A54D-CE9D190F12A3}.Debug|Mixed Platforms.Build.0 = Debug|Any CPU
		{C2BF559A-4D36-429F-A54D-CE9D190F12A3}.Debug|x86.ActiveCfg = Debug|Any CPU
		{C2BF559A-4D36-429F-A54D-CE9D190F12A3}.Release|Any CPU.ActiveCfg = Release|Any CPU
		{C2BF559A-4D36-429F-A54D-CE9D190F12A3}.Release|Any CPU.Build.0 = Release|Any CPU
		{C2BF559A-4D36-429F-A54D-CE9D190F12A3}.Release|Mixed Platforms.ActiveCfg = Release|Any CPU
		{C2BF559A-4D36-429F-A54D-CE9D190F12A3}.Release|Mixed Platforms.Build.0 = Release|Any CPU
		{C2BF559A-4D36-429F-A54D-CE9D190F12A3}.Release|x86.ActiveCfg = Release|Any CPU
		{6CD02D01-C4DE-4EB8-9FA4-7BB0716C11A1}.Debug|Any CPU.ActiveCfg = Debug|Any CPU
		{6CD02D01-C4DE-4EB8-9FA4-7BB0716C11A1}.Debug|Any CPU.Build.0 = Debug|Any CPU
		{6CD02D01-C4DE-4EB8-9FA4-7BB0716C11A1}.Debug|Mixed Platforms.ActiveCfg = Debug|Any CPU
		{6CD02D01-C4DE-4EB8-9FA4-7BB0716C11A1}.Debug|Mixed Platforms.Build.0 = Debug|Any CPU
		{6CD02D01-C4DE-4EB8-9FA4-7BB0716C11A1}.Debug|x86.ActiveCfg = Debug|Any CPU
		{6CD02D01-C4DE-4EB8-9FA4-7BB0716C11A1}.Release|Any CPU.ActiveCfg = Release|Any CPU
		{6CD02D01-C4DE-4EB8-9FA4-7BB0716C11A1}.Release|Any CPU.Build.0 = Release|Any CPU
		{6CD02D01-C4DE-4EB8-9FA4-7BB0716C11A1}.Release|Mixed Platforms.ActiveCfg = Release|Any CPU
		{6CD02D01-C4DE-4EB8-9FA4-7BB0716C11A1}.Release|Mixed Platforms.Build.0 = Release|Any CPU
		{6CD02D01-C4DE-4EB8-9FA4-7BB0716C11A1}.Release|x86.ActiveCfg = Release|Any CPU
		{1F9E67E9-8B01-4790-A651-32C8AA99592E}.Debug|Any CPU.ActiveCfg = Debug|Any CPU
		{1F9E67E9-8B01-4790-A651-32C8AA99592E}.Debug|Any CPU.Build.0 = Debug|Any CPU
		{1F9E67E9-8B01-4790-A651-32C8AA99592E}.Debug|Mixed Platforms.ActiveCfg = Debug|Any CPU
		{1F9E67E9-8B01-4790-A651-32C8AA99592E}.Debug|Mixed Platforms.Build.0 = Debug|Any CPU
		{1F9E67E9-8B01-4790-A651-32C8AA99592E}.Debug|x86.ActiveCfg = Debug|Any CPU
		{1F9E67E9-8B01-4790-A651-32C8AA99592E}.Release|Any CPU.ActiveCfg = Release|Any CPU
		{1F9E67E9-8B01-4790-A651-32C8AA99592E}.Release|Any CPU.Build.0 = Release|Any CPU
		{1F9E67E9-8B01-4790-A651-32C8AA99592E}.Release|Mixed Platforms.ActiveCfg = Release|Any CPU
		{1F9E67E9-8B01-4790-A651-32C8AA99592E}.Release|Mixed Platforms.Build.0 = Release|Any CPU
		{1F9E67E9-8B01-4790-A651-32C8AA99592E}.Release|x86.ActiveCfg = Release|Any CPU
		{8B9909B3-9945-43EC-8EFE-55847B327413}.Debug|Any CPU.ActiveCfg = Debug|Any CPU
		{8B9909B3-9945-43EC-8EFE-55847B327413}.Debug|Any CPU.Build.0 = Debug|Any CPU
		{8B9909B3-9945-43EC-8EFE-55847B327413}.Debug|Mixed Platforms.ActiveCfg = Debug|Any CPU
		{8B9909B3-9945-43EC-8EFE-55847B327413}.Debug|Mixed Platforms.Build.0 = Debug|Any CPU
		{8B9909B3-9945-43EC-8EFE-55847B327413}.Debug|x86.ActiveCfg = Debug|Any CPU
		{8B9909B3-9945-43EC-8EFE-55847B327413}.Release|Any CPU.ActiveCfg = Release|Any CPU
		{8B9909B3-9945-43EC-8EFE-55847B327413}.Release|Any CPU.Build.0 = Release|Any CPU
		{8B9909B3-9945-43EC-8EFE-55847B327413}.Release|Mixed Platforms.ActiveCfg = Release|Any CPU
		{8B9909B3-9945-43EC-8EFE-55847B327413}.Release|Mixed Platforms.Build.0 = Release|Any CPU
		{8B9909B3-9945-43EC-8EFE-55847B327413}.Release|x86.ActiveCfg = Release|Any CPU
	EndGlobalSection
	GlobalSection(SolutionProperties) = preSolution
		HideSolutionNode = FALSE
	EndGlobalSection
	GlobalSection(TestCaseManagementSettings) = postSolution
		CategoryFile = ShopSmart.vsmdi
	EndGlobalSection
EndGlobal
